github.com/gammazero/deque v0.2.1 h1:qSdsbG6pgp6nL7A0+K/B7s12mcCY/5l5SIUpMOl+dC0=
github.com/gammazero/deque v0.2.1/go.mod h1:LFroj8x4cMYCukHJDbxFCkT+r9AndaJnFMuZDV34tuU=
github.com/ugurcsen/gods-generic v0.10.2 h1:dE/4oQEeO/oMVcWwcVeJhboxYJ0WVIbVVjOGJ32xL90=
github.com/ugurcsen/gods-generic v0.10.2/go.mod h1:mGYOa88Y5sbw+ADXLpScxjJ7s5iHoWya/YHyeQ4f6c4=
